
Microsoft Visual Studio Solution File, Format Version 12.00
# Visual Studio Version 17
VisualStudioVersion = 17.0.31903.59
MinimumVisualStudioVersion = 10.0.40219.1
Project("{FAE04EC0-301F-11D3-BF4B-00C04F79EFBC}") = "AutoAuction", "AutoAuction\AutoAuction.csproj", "{8C768376-B9DF-4DE7-9BF2-9733676BD579}"
EndProject
Project("{FAE04EC0-301F-11D3-BF4B-00C04F79EFBC}") = "AutoAuction.Tests", "AutoAuction.Tests\AutoAuction.Tests.csproj", "{AADA0AAA-5D31-4A9E-BC68-7D2C89ECDA32}"
EndProject
Global
	GlobalSection(SolutionConfigurationPlatforms) = preSolution
		Debug|Any CPU = Debug|Any CPU
		Release|Any CPU = Release|Any CPU
	EndGlobalSection
	GlobalSection(SolutionProperties) = preSolution
		HideSolutionNode = FALSE
	EndGlobalSection
	GlobalSection(ProjectConfigurationPlatforms) = postSolution
		{8C768376-B9DF-4DE7-9BF2-9733676BD579}.Debug|Any CPU.ActiveCfg = Debug|Any CPU
		{8C768376-B9DF-4DE7-9BF2-9733676BD579}.Debug|Any CPU.Build.0 = Debug|Any CPU
		{8C768376-B9DF-4DE7-9BF2-9733676BD579}.Release|Any CPU.ActiveCfg = Release|Any CPU
		{8C768376-B9DF-4DE7-9BF2-9733676BD579}.Release|Any CPU.Build.0 = Release|Any CPU
		{AADA0AAA-5D31-4A9E-BC68-7D2C89ECDA32}.Debug|Any CPU.ActiveCfg = Debug|Any CPU
		{AADA0AAA-5D31-4A9E-BC68-7D2C89ECDA32}.Debug|Any CPU.Build.0 = Debug|Any CPU
		{AADA0AAA-5D31-4A9E-BC68-7D2C89ECDA32}.Release|Any CPU.ActiveCfg = Release|Any CPU
		{AADA0AAA-5D31-4A9E-BC68-7D2C89ECDA32}.Release|Any CPU.Build.0 = Release|Any CPU
	EndGlobalSection
EndGlobal
